{
  "R": {
    "Version": "4.5.0",
    "Repositories": [
      {
        "Name": "CRAN",
        "URL": "https://packagemanager.posit.co/cran/latest"
      }
    ]
  },
  "Packages": {
    "Rmpfr": {
      "Package": "Rmpfr",
      "Version": "1.1-1",
      "Source": "Repository",
      "Title": "Interface R to MPFR - Multiple Precision Floating-Point Reliable",
      "VersionNote": "Last CRAN: 1.1-0 on 2025-05-08; 1.0-0 on 2024-11-15; 0.9-5 on 2024-01-20",
      "Date": "2025-07-18",
      "Type": "Package",
      "Authors@R": "c(person(\"Martin\",\"Maechler\", role = c(\"aut\",\"cre\"), email = \"maechler@stat.math.ethz.ch\", comment = c(ORCID=\"0000-0002-8685-9910\")) , person(c(\"Richard\", \"M.\"), \"Heiberger\", role = \"ctb\", email=\"rmh@temple.edu\", comment = \"formatHex(), *Bin, *Dec\") , person(c(\"John\", \"C.\"), \"Nash\", role = \"ctb\", email=\"nashjc@uottawa.ca\", comment = \"hjkMpfr(), origin of unirootR()\") , person(c(\"Hans\", \"W.\"), \"Borchers\", role = \"ctb\", email=\"hwborchers@googlemail.com\", comment = \"optimizeR(*, \\\"GoldenRatio\\\"); origin of hjkMpfr()\") , person(\"Mikael\", \"Jagan\", role = \"ctb\", comment = c(\"safer convert.c\", ORCID = \"0000-0002-3542-2938\")) )",
      "Description": "Arithmetic (via S4 classes and methods) for arbitrary precision floating point numbers, including transcendental (\"special\") functions.  To this end, the package interfaces to the 'LGPL' licensed 'MPFR' (Multiple Precision Floating-Point Reliable) Library which itself is based on the 'GMP' (GNU Multiple Precision) Library.",
      "SystemRequirements": "gmp (>= 4.2.3), mpfr (>= 3.2.0), pdfcrop (part of TexLive) is required to rebuild the vignettes.",
      "SystemRequirementsNote": "'MPFR' (MP Floating-Point Reliable Library, https://www.mpfr.org/) and 'GMP' (GNU Multiple Precision library, https://gmplib.org/), see >> README.md",
      "Depends": [
        "gmp (>= 0.6-1)",
        "R (>= 3.6.0)"
      ],
      "Imports": [
        "stats",
        "utils",
        "methods"
      ],
      "Suggests": [
        "DPQmpfr",
        "MASS",
        "Bessel",
        "polynom",
        "sfsmisc (>= 1.1-14)"
      ],
      "SuggestsNote": "MASS, polynom, sfsmisc: only for vignette;",
      "Enhances": [
        "dfoptim",
        "pracma",
        "DPQ"
      ],
      "EnhancesNote": "mentioned in Rd xrefs | used in example",
      "URL": "https://rmpfr.r-forge.r-project.org/",
      "BugReports": "https://r-forge.r-project.org/tracker/?group_id=386",
      "License": "GPL (>= 2)",
      "Encoding": "UTF-8",
      "NeedsCompilation": "yes",
      "Author": "Martin Maechler [aut, cre] (ORCID: <https://orcid.org/0000-0002-8685-9910>), Richard M. Heiberger [ctb] (formatHex(), *Bin, *Dec), John C. Nash [ctb] (hjkMpfr(), origin of unirootR()), Hans W. Borchers [ctb] (optimizeR(*, \"GoldenRatio\"); origin of hjkMpfr()), Mikael Jagan [ctb] (safer convert.c, ORCID: <https://orcid.org/0000-0002-3542-2938>)",
      "Maintainer": "Martin Maechler <maechler@stat.math.ethz.ch>",
      "Repository": "CRAN"
    },
    "coda": {
      "Package": "coda",
      "Version": "0.19-4.1",
      "Source": "Repository",
      "Date": "2020-09-30",
      "Title": "Output Analysis and Diagnostics for MCMC",
      "Authors@R": "c(person(\"Martyn\", \"Plummer\", role=c(\"aut\",\"cre\",\"trl\"), email=\"martyn.plummer@gmail.com\"), person(\"Nicky\", \"Best\", role=\"aut\"), person(\"Kate\", \"Cowles\", role=\"aut\"), person(\"Karen\", \"Vines\", role=\"aut\"), person(\"Deepayan\", \"Sarkar\", role=\"aut\"), person(\"Douglas\", \"Bates\", role=\"aut\"), person(\"Russell\", \"Almond\", role=\"aut\"), person(\"Arni\", \"Magnusson\", role=\"aut\"))",
      "Depends": [
        "R (>= 2.14.0)"
      ],
      "Imports": [
        "lattice"
      ],
      "Description": "Provides functions for summarizing and plotting the output from Markov Chain Monte Carlo (MCMC) simulations, as well as diagnostic tests of convergence to the equilibrium distribution of the Markov chain.",
      "License": "GPL (>= 2)",
      "NeedsCompilation": "no",
      "Author": "Martyn Plummer [aut, cre, trl], Nicky Best [aut], Kate Cowles [aut], Karen Vines [aut], Deepayan Sarkar [aut], Douglas Bates [aut], Russell Almond [aut], Arni Magnusson [aut]",
      "Maintainer": "Martyn Plummer <martyn.plummer@gmail.com>",
      "Repository": "CRAN",
      "Encoding": "UTF-8"
    },
    "gmp": {
      "Package": "gmp",
      "Version": "0.7-5",
      "Source": "Repository",
      "Date": "2024-08-23",
      "Title": "Multiple Precision Arithmetic",
      "Authors@R": "c(person(\"Antoine\",\"Lucas\",role = c(\"aut\",\"cre\"), email = \"antoinelucas@gmail.com\", comment = c(ORCID=\"0000-0002-8059-9767\")), person(\"Immanuel\",\"Scholz\", role= \"aut\"), person(\"Rainer\",\"Boehme\", role = \"ctb\", email= \"rb-gmp@reflex-studio.de\"), person(\"Sylvain\",\"Jasson\", role = \"ctb\", email= \"Sylvain.Jasson@inrae.fr\"), person(\"Martin\", \"Maechler\", role = \"ctb\", email=\"maechler@stat.math.ethz.ch\"))",
      "Maintainer": "Antoine Lucas <antoinelucas@gmail.com>",
      "Description": "Multiple Precision Arithmetic (big integers and rationals, prime number tests, matrix computation), \"arithmetic without limitations\" using the C library GMP (GNU Multiple Precision Arithmetic).",
      "Depends": [
        "R (>= 3.5.0)"
      ],
      "Imports": [
        "methods"
      ],
      "Suggests": [
        "Rmpfr",
        "MASS",
        "round"
      ],
      "SystemRequirements": "gmp (>= 4.2.3)",
      "License": "GPL (>= 2)",
      "BuildResaveData": "no",
      "LazyDataNote": "not available, as we use data/*.R *and* our classes",
      "NeedsCompilation": "yes",
      "URL": "https://forgemia.inra.fr/sylvain.jasson/gmp",
      "Author": "Antoine Lucas [aut, cre] (<https://orcid.org/0000-0002-8059-9767>), Immanuel Scholz [aut], Rainer Boehme [ctb], Sylvain Jasson [ctb], Martin Maechler [ctb]",
      "Repository": "CRAN",
      "Encoding": "UTF-8"
    },
    "lattice": {
      "Package": "lattice",
      "Version": "0.22-6",
      "Source": "Repository",
      "Date": "2024-03-20",
      "Priority": "recommended",
      "Title": "Trellis Graphics for R",
      "Authors@R": "c(person(\"Deepayan\", \"Sarkar\", role = c(\"aut\", \"cre\"), email = \"deepayan.sarkar@r-project.org\", comment = c(ORCID = \"0000-0003-4107-1553\")), person(\"Felix\", \"Andrews\", role = \"ctb\"), person(\"Kevin\", \"Wright\", role = \"ctb\", comment = \"documentation\"), person(\"Neil\", \"Klepeis\", role = \"ctb\"), person(\"Johan\", \"Larsson\", role = \"ctb\", comment = \"miscellaneous improvements\"), person(\"Zhijian (Jason)\", \"Wen\", role = \"cph\", comment = \"filled contour code\"), person(\"Paul\", \"Murrell\", role = \"ctb\", email = \"paul@stat.auckland.ac.nz\"), person(\"Stefan\", \"Eng\", role = \"ctb\", comment = \"violin plot improvements\"), person(\"Achim\", \"Zeileis\", role = \"ctb\", comment = \"modern colors\"), person(\"Alexandre\", \"Courtiol\", role = \"ctb\", comment = \"generics for larrows, lpolygon, lrect and lsegments\") )",
      "Description": "A powerful and elegant high-level data visualization system inspired by Trellis graphics, with an emphasis on multivariate data. Lattice is sufficient for typical graphics needs, and is also flexible enough to handle most nonstandard requirements. See ?Lattice for an introduction.",
      "Depends": [
        "R (>= 4.0.0)"
      ],
      "Suggests": [
        "KernSmooth",
        "MASS",
        "latticeExtra",
        "colorspace"
      ],
      "Imports": [
        "grid",
        "grDevices",
        "graphics",
        "stats",
        "utils"
      ],
      "Enhances": [
        "chron",
        "zoo"
      ],
      "LazyLoad": "yes",
      "LazyData": "yes",
      "License": "GPL (>= 2)",
      "URL": "https://lattice.r-forge.r-project.org/",
      "BugReports": "https://github.com/deepayan/lattice/issues",
      "NeedsCompilation": "yes",
      "Author": "Deepayan Sarkar [aut, cre] (<https://orcid.org/0000-0003-4107-1553>), Felix Andrews [ctb], Kevin Wright [ctb] (documentation), Neil Klepeis [ctb], Johan Larsson [ctb] (miscellaneous improvements), Zhijian (Jason) Wen [cph] (filled contour code), Paul Murrell [ctb], Stefan Eng [ctb] (violin plot improvements), Achim Zeileis [ctb] (modern colors), Alexandre Courtiol [ctb] (generics for larrows, lpolygon, lrect and lsegments)",
      "Maintainer": "Deepayan Sarkar <deepayan.sarkar@r-project.org>",
      "Repository": "CRAN"
    },
    "renv": {
      "Package": "renv",
      "Version": "1.1.5",
      "Source": "Repository",
      "Type": "Package",
      "Title": "Project Environments",
      "Authors@R": "c( person(\"Kevin\", \"Ushey\", role = c(\"aut\", \"cre\"), email = \"kevin@rstudio.com\", comment = c(ORCID = \"0000-0003-2880-7407\")), person(\"Hadley\", \"Wickham\", role = c(\"aut\"), email = \"hadley@rstudio.com\", comment = c(ORCID = \"0000-0003-4757-117X\")), person(\"Posit Software, PBC\", role = c(\"cph\", \"fnd\")) )",
      "Description": "A dependency management toolkit for R. Using 'renv', you can create and manage project-local R libraries, save the state of these libraries to a 'lockfile', and later restore your library as required. Together, these tools can help make your projects more isolated, portable, and reproducible.",
      "License": "MIT + file LICENSE",
      "URL": "https://rstudio.github.io/renv/, https://github.com/rstudio/renv",
      "BugReports": "https://github.com/rstudio/renv/issues",
      "Imports": [
        "utils"
      ],
      "Suggests": [
        "BiocManager",
        "cli",
        "compiler",
        "covr",
        "cpp11",
        "devtools",
        "generics",
        "gitcreds",
        "jsonlite",
        "jsonvalidate",
        "knitr",
        "miniUI",
        "modules",
        "packrat",
        "pak",
        "R6",
        "remotes",
        "reticulate",
        "rmarkdown",
        "rstudioapi",
        "shiny",
        "testthat",
        "uuid",
        "waldo",
        "yaml",
        "webfakes"
      ],
      "Encoding": "UTF-8",
      "RoxygenNote": "7.3.2",
      "VignetteBuilder": "knitr",
      "Config/Needs/website": "tidyverse/tidytemplate",
      "Config/testthat/edition": "3",
      "Config/testthat/parallel": "true",
      "Config/testthat/start-first": "bioconductor,python,install,restore,snapshot,retrieve,remotes",
      "NeedsCompilation": "no",
      "Author": "Kevin Ushey [aut, cre] (ORCID: <https://orcid.org/0000-0003-2880-7407>), Hadley Wickham [aut] (ORCID: <https://orcid.org/0000-0003-4757-117X>), Posit Software, PBC [cph, fnd]",
      "Maintainer": "Kevin Ushey <kevin@rstudio.com>",
      "Repository": "CRAN"
    }
  }
}
